Microsoft Visual Studio Solution File, Format Version 12.00
# Visual Studio Version 17
VisualStudioVersion = 17.5.2.0
MinimumVisualStudioVersion = 10.0.40219.1
Project("{FAE04EC0-301F-11D3-BF4B-00C04F79EFBC}") = "TetriON", "TetriON.csproj", "{EB890DF2-2C2D-DF8A-AEFC-2026050CD4FE}"
EndProject
Global
	GlobalSection(SolutionConfigurationPlatforms) = preSolution
		Debug|Any CPU = Debug|Any CPU
		Release|Any CPU = Release|Any CPU
	EndGlobalSection
	GlobalSection(ProjectConfigurationPlatforms) = postSolution
		{EB890DF2-2C2D-DF8A-AEFC-2026050CD4FE}.Debug|Any CPU.ActiveCfg = Debug|Any CPU
		{EB890DF2-2C2D-DF8A-AEFC-2026050CD4FE}.Debug|Any CPU.Build.0 = Debug|Any CPU
		{EB890DF2-2C2D-DF8A-AEFC-2026050CD4FE}.Release|Any CPU.ActiveCfg = Release|Any CPU
		{EB890DF2-2C2D-DF8A-AEFC-2026050CD4FE}.Release|Any CPU.Build.0 = Release|Any CPU
	EndGlobalSection
	GlobalSection(SolutionProperties) = preSolution
		HideSolutionNode = FALSE
	EndGlobalSection
	GlobalSection(ExtensibilityGlobals) = postSolution
		SolutionGuid = {EDC4AE58-EFBC-4A33-B691-1112E8AB314F}
	EndGlobalSection
EndGlobal
